<?xml version="1.0" encoding="UTF-8" standalone="yes" ?>
<CodeBlocks_project_file>
	<FileVersion major="1" minor="6" />
	<Project>
		<Option title="Umbra" />
		<Option pch_mode="2" />
		<Option compiler="gcc" />
		<Option virtualFolders="Torture Chamber\;Torture Chamber\;Torture Chamber\;Torture Chamber\Sources\;Torture Chamber\Headers\;Torture Chamber\;Torture Chamber\;Umbra Demo\Sources\;Umbra Demo\Headers\;Umbra Invaders\Sources\;Umbra Invaders\Headers\;Umbra\Sources\;Umbra\Headers\;" />
		<Build>
			<Target title="Demo Debug WIN">
				<Option output="umbra-demo-debug" prefix_auto="0" extension_auto="1" />
				<Option object_output="obj\" />
				<Option type="1" />
				<Option compiler="gcc" />
				<Compiler>
					<Add option="-g" />
				</Compiler>
				<Linker>
					<Add library="..\libtcod\lib\libtcod-mingw-debug.a" />
				</Linker>
			</Target>
			<Target title="Demo Release WIN">
				<Option output="umbra-demo-release" prefix_auto="0" extension_auto="1" />
				<Option object_output="obj\" />
				<Option type="0" />
				<Option compiler="gcc" />
				<Compiler>
					<Add option="-O2" />
				</Compiler>
				<Linker>
					<Add option="-s" />
					<Add library="..\libtcod\lib\libtcod-mingw.a" />
				</Linker>
			</Target>
			<Target title="Demo Debug LINUX">
				<Option output="umbra-demo-debug" prefix_auto="0" extension_auto="1" />
				<Option object_output="obj\" />
				<Option type="1" />
				<Option compiler="gcc" />
				<Compiler>
					<Add option="-g" />
				</Compiler>
				<Linker>
					<Add option="-lefence" />
					<Add option="-Wl,-rpath,lib" />
					<Add library="lib\libtcod_debug.so" />
					<Add library="lib\libtcodxx_debug.so" />
				</Linker>
			</Target>
			<Target title="Demo Release LINUX">
				<Option output="umbra-demo-release" prefix_auto="0" extension_auto="1" />
				<Option object_output="obj\" />
				<Option type="0" />
				<Option compiler="gcc" />
				<Compiler>
					<Add option="-O2" />
				</Compiler>
				<Linker>
					<Add option="-s" />
					<Add option="-Wl,-rpath,lib" />
					<Add library="lib\libtcod.so" />
					<Add library="lib\libtcodxx.so" />
				</Linker>
			</Target>
			<Target title="Fovbench Debug WIN">
				<Option output="fovbench-debug" prefix_auto="0" extension_auto="1" />
				<Option object_output="obj\" />
				<Option type="1" />
				<Option compiler="gcc" />
				<Compiler>
					<Add option="-g" />
				</Compiler>
				<Linker>
					<Add library="..\libtcod\lib\libtcod-mingw-debug.a" />
				</Linker>
			</Target>
			<Target title="Fovbench Release WIN">
				<Option output="fovbench-release" prefix_auto="0" extension_auto="1" />
				<Option object_output="obj\" />
				<Option type="0" />
				<Option compiler="gcc" />
				<Compiler>
					<Add option="-O2" />
				</Compiler>
				<Linker>
					<Add option="-s" />
					<Add library="..\libtcod\lib\libtcod-mingw.a" />
				</Linker>
			</Target>
			<Target title="Fovbench Debug LINUX">
				<Option output="fovbench-debug" prefix_auto="0" extension_auto="1" />
				<Option object_output="obj\" />
				<Option type="1" />
				<Option compiler="gcc" />
				<Compiler>
					<Add option="-g" />
				</Compiler>
				<Linker>
					<Add option="-lefence" />
					<Add option="-Wl,-rpath,lib" />
					<Add library="lib\libtcod_debug.so" />
					<Add library="lib\libtcodxx_debug.so" />
				</Linker>
			</Target>
			<Target title="Fovbench Release LINUX">
				<Option output="fovbench-release" prefix_auto="0" extension_auto="1" />
				<Option object_output="obj\" />
				<Option type="0" />
				<Option compiler="gcc" />
				<Compiler>
					<Add option="-O2" />
				</Compiler>
				<Linker>
					<Add option="-s" />
					<Add option="-Wl,-rpath,lib" />
					<Add library="lib\libtcod.so" />
					<Add library="lib\libtcodxx.so" />
				</Linker>
			</Target>
			<Target title="Invaders Debug WIN">
				<Option output="invaders-debug" prefix_auto="0" extension_auto="1" />
				<Option object_output="obj\" />
				<Option type="1" />
				<Option compiler="gcc" />
				<Compiler>
					<Add option="-g" />
				</Compiler>
				<Linker>
					<Add library="..\libtcod\lib\libtcod-mingw-debug.a" />
				</Linker>
			</Target>
			<Target title="Invaders Release WIN">
				<Option output="invaders-release" prefix_auto="0" extension_auto="1" />
				<Option object_output="obj\" />
				<Option type="0" />
				<Option compiler="gcc" />
				<Compiler>
					<Add option="-O2" />
				</Compiler>
				<Linker>
					<Add option="-s" />
					<Add library="..\libtcod\lib\libtcod-mingw.a" />
				</Linker>
			</Target>
			<Target title="Invaders Debug LINUX">
				<Option output="invaders-debug" prefix_auto="0" extension_auto="1" />
				<Option object_output="obj\" />
				<Option type="1" />
				<Option compiler="gcc" />
				<Compiler>
					<Add option="-g" />
				</Compiler>
				<Linker>
					<Add option="-lefence" />
					<Add option="-Wl,-rpath,lib" />
					<Add library="lib\libtcod_debug.so" />
					<Add library="lib\libtcodxx_debug.so" />
				</Linker>
			</Target>
			<Target title="Invaders Release LINUX">
				<Option output="invaders-release" prefix_auto="0" extension_auto="1" />
				<Option object_output="obj\" />
				<Option type="0" />
				<Option compiler="gcc" />
				<Compiler>
					<Add option="-O2" />
				</Compiler>
				<Linker>
					<Add option="-s" />
					<Add option="-Wl,-rpath,lib" />
					<Add library="lib\libtcod.so" />
					<Add library="lib\libtcodxx.so" />
				</Linker>
			</Target>
		</Build>
		<Compiler>
			<Add option="-Wall" />
			<Add option="-fexceptions" />
			<Add directory="..\libtcod\include" />
			<Add directory="src" />
		</Compiler>
		<Unit filename="src\demo\credits.cpp">
			<Option virtualFolder="Umbra Demo\Sources\" />
			<Option target="Demo Debug WIN" />
			<Option target="Demo Release WIN" />
			<Option target="Demo Debug LINUX" />
			<Option target="Demo Release LINUX" />
		</Unit>
		<Unit filename="src\demo\credits.hpp">
			<Option virtualFolder="Umbra Demo\Headers\" />
			<Option target="Demo Debug WIN" />
			<Option target="Demo Release WIN" />
			<Option target="Demo Debug LINUX" />
			<Option target="Demo Release LINUX" />
		</Unit>
		<Unit filename="src\demo\demo.cpp">
			<Option virtualFolder="Umbra Demo\Sources\" />
			<Option target="Demo Debug WIN" />
			<Option target="Demo Release WIN" />
			<Option target="Demo Debug LINUX" />
			<Option target="Demo Release LINUX" />
		</Unit>
		<Unit filename="src\demo\demo.hpp">
			<Option virtualFolder="Umbra Demo\Headers\" />
			<Option target="Demo Debug WIN" />
			<Option target="Demo Release WIN" />
			<Option target="Demo Debug LINUX" />
			<Option target="Demo Release LINUX" />
		</Unit>
		<Unit filename="src\demo\main.cpp">
			<Option virtualFolder="Umbra Demo\Sources\" />
			<Option target="Demo Debug WIN" />
			<Option target="Demo Release WIN" />
			<Option target="Demo Debug LINUX" />
			<Option target="Demo Release LINUX" />
		</Unit>
		<Unit filename="src\demo\main.hpp">
			<Option virtualFolder="Umbra Demo\Headers\" />
			<Option target="Demo Debug WIN" />
			<Option target="Demo Release WIN" />
			<Option target="Demo Debug LINUX" />
			<Option target="Demo Release LINUX" />
		</Unit>
		<Unit filename="src\demo\matrix.cpp">
			<Option virtualFolder="Umbra Demo\Sources\" />
			<Option target="Demo Debug WIN" />
			<Option target="Demo Release WIN" />
			<Option target="Demo Debug LINUX" />
			<Option target="Demo Release LINUX" />
		</Unit>
		<Unit filename="src\demo\matrix.hpp">
			<Option virtualFolder="Umbra Demo\Headers\" />
			<Option target="Demo Debug WIN" />
			<Option target="Demo Release WIN" />
			<Option target="Demo Debug LINUX" />
			<Option target="Demo Release LINUX" />
		</Unit>
		<Unit filename="src\demo\panel.cpp">
			<Option virtualFolder="Umbra Demo\Sources\" />
			<Option target="Demo Debug WIN" />
			<Option target="Demo Release WIN" />
			<Option target="Demo Debug LINUX" />
			<Option target="Demo Release LINUX" />
		</Unit>
		<Unit filename="src\demo\panel.hpp">
			<Option virtualFolder="Umbra Demo\Headers\" />
			<Option target="Demo Debug WIN" />
			<Option target="Demo Release WIN" />
			<Option target="Demo Debug LINUX" />
			<Option target="Demo Release LINUX" />
		</Unit>
		<Unit filename="src\demo\rabbit.cpp">
			<Option virtualFolder="Umbra Demo\Sources\" />
			<Option target="Demo Debug WIN" />
			<Option target="Demo Release WIN" />
			<Option target="Demo Debug LINUX" />
			<Option target="Demo Release LINUX" />
		</Unit>
		<Unit filename="src\demo\rabbit.hpp">
			<Option virtualFolder="Umbra Demo\Headers\" />
			<Option target="Demo Debug WIN" />
			<Option target="Demo Release WIN" />
			<Option target="Demo Debug LINUX" />
			<Option target="Demo Release LINUX" />
		</Unit>
		<Unit filename="src\fov\bsp_helper.cpp">
			<Option virtualFolder="Torture Chamber\Sources\" />
			<Option target="Fovbench Debug WIN" />
			<Option target="Fovbench Release WIN" />
			<Option target="Fovbench Debug LINUX" />
			<Option target="Fovbench Release LINUX" />
		</Unit>
		<Unit filename="src\fov\bsp_helper.hpp">
			<Option virtualFolder="Torture Chamber\Headers\" />
			<Option target="Fovbench Debug WIN" />
			<Option target="Fovbench Release WIN" />
			<Option target="Fovbench Debug LINUX" />
			<Option target="Fovbench Release LINUX" />
		</Unit>
		<Unit filename="src\fov\fov_setup.cpp">
			<Option virtualFolder="Torture Chamber\Sources\" />
			<Option target="Fovbench Debug WIN" />
			<Option target="Fovbench Release WIN" />
			<Option target="Fovbench Debug LINUX" />
			<Option target="Fovbench Release LINUX" />
		</Unit>
		<Unit filename="src\fov\fov_setup.hpp">
			<Option virtualFolder="Torture Chamber\Headers\" />
			<Option target="Fovbench Debug WIN" />
			<Option target="Fovbench Release WIN" />
			<Option target="Fovbench Debug LINUX" />
			<Option target="Fovbench Release LINUX" />
		</Unit>
		<Unit filename="src\fov\fov_test.cpp">
			<Option virtualFolder="Torture Chamber\Sources\" />
			<Option target="Fovbench Debug WIN" />
			<Option target="Fovbench Release WIN" />
			<Option target="Fovbench Debug LINUX" />
			<Option target="Fovbench Release LINUX" />
		</Unit>
		<Unit filename="src\fov\fov_test.hpp">
			<Option virtualFolder="Torture Chamber\Headers\" />
			<Option target="Fovbench Debug WIN" />
			<Option target="Fovbench Release WIN" />
			<Option target="Fovbench Debug LINUX" />
			<Option target="Fovbench Release LINUX" />
		</Unit>
		<Unit filename="src\fov\main.cpp">
			<Option virtualFolder="Torture Chamber\Sources\" />
			<Option target="Fovbench Debug WIN" />
			<Option target="Fovbench Release WIN" />
			<Option target="Fovbench Debug LINUX" />
			<Option target="Fovbench Release LINUX" />
		</Unit>
		<Unit filename="src\fov\main.hpp">
			<Option virtualFolder="Torture Chamber\Headers\" />
			<Option target="Fovbench Debug WIN" />
			<Option target="Fovbench Release WIN" />
			<Option target="Fovbench Debug LINUX" />
			<Option target="Fovbench Release LINUX" />
		</Unit>
		<Unit filename="src\invaders\entities.cpp">
			<Option virtualFolder="Umbra Invaders\Sources\" />
			<Option target="Invaders Debug WIN" />
			<Option target="Invaders Release WIN" />
			<Option target="Invaders Debug LINUX" />
			<Option target="Invaders Release LINUX" />
		</Unit>
		<Unit filename="src\invaders\entities.hpp">
			<Option virtualFolder="Umbra Invaders\Headers\" />
			<Option target="Invaders Debug WIN" />
			<Option target="Invaders Release WIN" />
			<Option target="Invaders Debug LINUX" />
			<Option target="Invaders Release LINUX" />
		</Unit>
		<Unit filename="src\invaders\gameview.cpp">
			<Option virtualFolder="Umbra Invaders\Sources\" />
			<Option target="Invaders Debug WIN" />
			<Option target="Invaders Release WIN" />
			<Option target="Invaders Debug LINUX" />
			<Option target="Invaders Release LINUX" />
		</Unit>
		<Unit filename="src\invaders\gameview.hpp">
			<Option virtualFolder="Umbra Invaders\Headers\" />
			<Option target="Invaders Debug WIN" />
			<Option target="Invaders Release WIN" />
			<Option target="Invaders Debug LINUX" />
			<Option target="Invaders Release LINUX" />
		</Unit>
		<Unit filename="src\invaders\main.cpp">
			<Option virtualFolder="Umbra Invaders\Sources\" />
			<Option target="Invaders Debug WIN" />
			<Option target="Invaders Release WIN" />
			<Option target="Invaders Debug LINUX" />
			<Option target="Invaders Release LINUX" />
		</Unit>
		<Unit filename="src\invaders\main.hpp">
			<Option virtualFolder="Umbra Invaders\Headers\" />
			<Option target="Invaders Debug WIN" />
			<Option target="Invaders Release WIN" />
			<Option target="Invaders Debug LINUX" />
			<Option target="Invaders Release LINUX" />
		</Unit>
		<Unit filename="src\invaders\notification.cpp">
			<Option virtualFolder="Umbra Invaders\Sources\" />
			<Option target="Invaders Debug WIN" />
			<Option target="Invaders Release WIN" />
			<Option target="Invaders Debug LINUX" />
			<Option target="Invaders Release LINUX" />
		</Unit>
		<Unit filename="src\invaders\notification.hpp">
			<Option virtualFolder="Umbra Invaders\Headers\" />
			<Option target="Invaders Debug WIN" />
			<Option target="Invaders Release WIN" />
			<Option target="Invaders Debug LINUX" />
			<Option target="Invaders Release LINUX" />
		</Unit>
		<Unit filename="src\invaders\utilities.cpp">
			<Option virtualFolder="Umbra Invaders\Sources\" />
			<Option target="Invaders Debug WIN" />
			<Option target="Invaders Release WIN" />
			<Option target="Invaders Debug LINUX" />
			<Option target="Invaders Release LINUX" />
		</Unit>
		<Unit filename="src\invaders\utilities.hpp">
			<Option virtualFolder="Umbra Invaders\Headers\" />
			<Option target="Invaders Debug WIN" />
			<Option target="Invaders Release WIN" />
			<Option target="Invaders Debug LINUX" />
			<Option target="Invaders Release LINUX" />
		</Unit>
		<Unit filename="src\umbra\umbra.hpp">
			<Option virtualFolder="Umbra\Headers\" />
		</Unit>
		<Unit filename="src\umbra\umbra_callback.cpp">
			<Option virtualFolder="Umbra\Sources\" />
		</Unit>
		<Unit filename="src\umbra\umbra_callback.hpp">
			<Option virtualFolder="Umbra\Headers\" />
		</Unit>
		<Unit filename="src\umbra\umbra_config.cpp">
			<Option virtualFolder="Umbra\Sources\" />
		</Unit>
		<Unit filename="src\umbra\umbra_config.hpp">
			<Option virtualFolder="Umbra\Headers\" />
		</Unit>
		<Unit filename="src\umbra\umbra_engine.cpp">
			<Option virtualFolder="Umbra\Sources\" />
		</Unit>
		<Unit filename="src\umbra\umbra_engine.hpp">
			<Option virtualFolder="Umbra\Headers\" />
		</Unit>
		<Unit filename="src\umbra\umbra_error.cpp">
			<Option virtualFolder="Umbra\Sources\" />
		</Unit>
		<Unit filename="src\umbra\umbra_error.hpp">
			<Option virtualFolder="Umbra\Headers\" />
		</Unit>
		<Unit filename="src\umbra\umbra_font.cpp">
			<Option virtualFolder="Umbra\Sources\" />
		</Unit>
		<Unit filename="src\umbra\umbra_font.hpp">
			<Option virtualFolder="Umbra\Headers\" />
		</Unit>
		<Unit filename="src\umbra\umbra_imod_bsod.cpp">
			<Option virtualFolder="Umbra\Sources\" />
		</Unit>
		<Unit filename="src\umbra\umbra_imod_bsod.hpp">
			<Option virtualFolder="Umbra\Headers\" />
		</Unit>
		<Unit filename="src\umbra\umbra_imod_speed.cpp">
			<Option virtualFolder="Umbra\Sources\" />
		</Unit>
		<Unit filename="src\umbra\umbra_imod_speed.hpp">
			<Option virtualFolder="Umbra\Headers\" />
		</Unit>
		<Unit filename="src\umbra\umbra_key.hpp">
			<Option virtualFolder="Umbra\Headers\" />
		</Unit>
		<Unit filename="src\umbra\umbra_module.cpp">
			<Option virtualFolder="Umbra\Sources\" />
		</Unit>
		<Unit filename="src\umbra\umbra_module.hpp">
			<Option virtualFolder="Umbra\Headers\" />
		</Unit>
		<Unit filename="src\umbra\umbra_module_factory.hpp">
			<Option virtualFolder="Umbra\Headers\" />
		</Unit>
		<Unit filename="src\umbra\umbra_point.hpp">
			<Option virtualFolder="Umbra\Headers\" />
		</Unit>
		<Unit filename="src\umbra\umbra_rect.hpp">
			<Option virtualFolder="Umbra\Headers\" />
		</Unit>
		<Unit filename="src\umbra\umbra_version.hpp">
			<Option virtualFolder="Umbra\Headers\" />
		</Unit>
		<Unit filename="src\umbra\umbra_widget.cpp">
			<Option virtualFolder="Umbra\Sources\" />
		</Unit>
		<Unit filename="src\umbra\umbra_widget.hpp">
			<Option virtualFolder="Umbra\Headers\" />
		</Unit>
		<Unit filename="src\umbra\umbra_widget_button.cpp">
			<Option virtualFolder="Umbra\Sources\" />
		</Unit>
		<Unit filename="src\umbra\umbra_widget_button.hpp">
			<Option virtualFolder="Umbra\Headers\" />
		</Unit>
		<Unit filename="src\umbra\umbra_widget_checkbox.cpp">
			<Option virtualFolder="Umbra\Sources\" />
		</Unit>
		<Unit filename="src\umbra\umbra_widget_checkbox.hpp">
			<Option virtualFolder="Umbra\Headers\" />
		</Unit>
		<Extensions>
			<code_completion />
			<envvars />
			<debugger />
			<lib_finder disable_auto="1" />
		</Extensions>
	</Project>
</CodeBlocks_project_file>
